// !$*UTF8*$!
{
	archiveVersion = 1;
	classes = {
	};
	objectVersion = 77;
	objects = {

/* Begin PBXBuildFile section */
		F8A022B42CFC483C0055C7D7 /* SnapKit in Frameworks */ = {isa = PBXBuildFile; productRef = F8A022B32CFC483C0055C7D7 /* SnapKit */; };
		F8A023362CFE0E570055C7D7 /* TagListView in Frameworks */ = {isa = PBXBuildFile; productRef = F8A023352CFE0E570055C7D7 /* TagListView */; };
		F8BA76022CFF2CDF002E8A90 /* Quick in Frameworks */ = {isa = PBXBuildFile; productRef = F8BA76012CFF2CDF002E8A90 /* Quick */; };
		F8BA76042CFF2CDF002E8A90 /* QuickLint in Frameworks */ = {isa = PBXBuildFile; productRef = F8BA76032CFF2CDF002E8A90 /* QuickLint */; };
		F8BA76092CFF2D07002E8A90 /* Nimble in Frameworks */ = {isa = PBXBuildFile; productRef = F8BA76082CFF2D07002E8A90 /* Nimble */; };
/* End PBXBuildFile section */

/* Begin PBXContainerItemProxy section */
		F8F96C122CFB06C500172C5C /* PBXContainerItemProxy */ = {
			isa = PBXContainerItemProxy;
			containerPortal = F8F96BF32CFB06C400172C5C /* Project object */;
			proxyType = 1;
			remoteGlobalIDString = F8F96BFA2CFB06C400172C5C;
			remoteInfo = CryptoCoins;
		};
/* End PBXContainerItemProxy section */

/* Begin PBXFileReference section */
		F8F96BFB2CFB06C400172C5C /* harshal-wani-task.app */ = {isa = PBXFileReference; explicitFileType = wrapper.application; includeInIndex = 0; path = "harshal-wani-task.app"; sourceTree = BUILT_PRODUCTS_DIR; };
		F8F96C112CFB06C500172C5C /* harshal-wani-taskTests.xctest */ = {isa = PBXFileReference; explicitFileType = wrapper.cfbundle; includeInIndex = 0; path = "harshal-wani-taskTests.xctest"; sourceTree = BUILT_PRODUCTS_DIR; };
/* End PBXFileReference section */

/* Begin PBXFileSystemSynchronizedBuildFileExceptionSet section */
		F8A023512CFF1CA90055C7D7 /* Exceptions for "harshal-wani-task" folder in "harshal-wani-taskTests" target */ = {
			isa = PBXFileSystemSynchronizedBuildFileExceptionSet;
			membershipExceptions = (
				Common/Enums.swift,
				CryptoList/CryptoDataProvider.swift,
				CryptoList/Model/CryptoItem.swift,
				CryptoList/ViewModel/CryptoViewModel.swift,
				Services/APIService.swift,
				Services/APIServiceError.swift,
				Services/EndPoint.swift,
				Services/Utilities.swift,
			);
			target = F8F96C102CFB06C500172C5C /* harshal-wani-taskTests */;
		};
		F8F96C232CFB06C500172C5C /* Exceptions for "harshal-wani-task" folder in "harshal-wani-task" target */ = {
			isa = PBXFileSystemSynchronizedBuildFileExceptionSet;
			membershipExceptions = (
				Main/Info.plist,
			);
			target = F8F96BFA2CFB06C400172C5C /* harshal-wani-task */;
		};
/* End PBXFileSystemSynchronizedBuildFileExceptionSet section */

/* Begin PBXFileSystemSynchronizedRootGroup section */
		F8F96BFD2CFB06C400172C5C /* harshal-wani-task */ = {
			isa = PBXFileSystemSynchronizedRootGroup;
			exceptions = (
				F8F96C232CFB06C500172C5C /* Exceptions for "harshal-wani-task" folder in "harshal-wani-task" target */,
				F8A023512CFF1CA90055C7D7 /* Exceptions for "harshal-wani-task" folder in "harshal-wani-taskTests" target */,
			);
			path = "harshal-wani-task";
			sourceTree = "<group>";
		};
		F8F96C142CFB06C500172C5C /* harshal-wani-taskTests */ = {
			isa = PBXFileSystemSynchronizedRootGroup;
			path = "harshal-wani-taskTests";
			sourceTree = "<group>";
		};
/* End PBXFileSystemSynchronizedRootGroup section */

/* Begin PBXFrameworksBuildPhase section */
		F8F96BF82CFB06C400172C5C /* Frameworks */ = {
			isa = PBXFrameworksBuildPhase;
			buildActionMask = 2147483647;
			files = (
				F8A023362CFE0E570055C7D7 /* TagListView in Frameworks */,
				F8A022B42CFC483C0055C7D7 /* SnapKit in Frameworks */,
			);
			runOnlyForDeploymentPostprocessing = 0;
		};
		F8F96C0E2CFB06C500172C5C /* Frameworks */ = {
			isa = PBXFrameworksBuildPhase;
			buildActionMask = 2147483647;
			files = (
				F8BA76022CFF2CDF002E8A90 /* Quick in Frameworks */,
				F8BA76092CFF2D07002E8A90 /* Nimble in Frameworks */,
				F8BA76042CFF2CDF002E8A90 /* QuickLint in Frameworks */,
			);
			runOnlyForDeploymentPostprocessing = 0;
		};
/* End PBXFrameworksBuildPhase section */

/* Begin PBXGroup section */
		F8F96BF22CFB06C400172C5C = {
			isa = PBXGroup;
			children = (
				F8F96BFD2CFB06C400172C5C /* harshal-wani-task */,
				F8F96C142CFB06C500172C5C /* harshal-wani-taskTests */,
				F8F96BFC2CFB06C400172C5C /* Products */,
			);
			sourceTree = "<group>";
		};
		F8F96BFC2CFB06C400172C5C /* Products */ = {
			isa = PBXGroup;
			children = (
				F8F96BFB2CFB06C400172C5C /* harshal-wani-task.app */,
				F8F96C112CFB06C500172C5C /* harshal-wani-taskTests.xctest */,
			);
			name = Products;
			sourceTree = "<group>";
		};
/* End PBXGroup section */

/* Begin PBXNativeTarget section */
		F8F96BFA2CFB06C400172C5C /* harshal-wani-task */ = {
			isa = PBXNativeTarget;
			buildConfigurationList = F8F96C242CFB06C500172C5C /* Build configuration list for PBXNativeTarget "harshal-wani-task" */;
			buildPhases = (
				F8F96BF72CFB06C400172C5C /* Sources */,
				F8F96BF82CFB06C400172C5C /* Frameworks */,
				F8F96BF92CFB06C400172C5C /* Resources */,
			);
			buildRules = (
			);
			dependencies = (
			);
			fileSystemSynchronizedGroups = (
				F8F96BFD2CFB06C400172C5C /* harshal-wani-task */,
			);
			name = "harshal-wani-task";
			packageProductDependencies = (
				F8A022B32CFC483C0055C7D7 /* SnapKit */,
				F8A023352CFE0E570055C7D7 /* TagListView */,
			);
			productName = CryptoCoins;
			productReference = F8F96BFB2CFB06C400172C5C /* harshal-wani-task.app */;
			productType = "com.apple.product-type.application";
		};
		F8F96C102CFB06C500172C5C /* harshal-wani-taskTests */ = {
			isa = PBXNativeTarget;
			buildConfigurationList = F8F96C292CFB06C500172C5C /* Build configuration list for PBXNativeTarget "harshal-wani-taskTests" */;
			buildPhases = (
				F8F96C0D2CFB06C500172C5C /* Sources */,
				F8F96C0E2CFB06C500172C5C /* Frameworks */,
				F8F96C0F2CFB06C500172C5C /* Resources */,
			);
			buildRules = (
			);
			dependencies = (
				F8F96C132CFB06C500172C5C /* PBXTargetDependency */,
			);
			fileSystemSynchronizedGroups = (
				F8F96C142CFB06C500172C5C /* harshal-wani-taskTests */,
			);
			name = "harshal-wani-taskTests";
			packageProductDependencies = (
				F8BA76012CFF2CDF002E8A90 /* Quick */,
				F8BA76032CFF2CDF002E8A90 /* QuickLint */,
				F8BA76082CFF2D07002E8A90 /* Nimble */,
			);
			productName = CryptoCoinsTests;
			productReference = F8F96C112CFB06C500172C5C /* harshal-wani-taskTests.xctest */;
			productType = "com.apple.product-type.bundle.unit-test";
		};
/* End PBXNativeTarget section */

/* Begin PBXProject section */
		F8F96BF32CFB06C400172C5C /* Project object */ = {
			isa = PBXProject;
			attributes = {
				BuildIndependentTargetsInParallel = 1;
				LastSwiftUpdateCheck = 1610;
				LastUpgradeCheck = 1610;
				TargetAttributes = {
					F8F96BFA2CFB06C400172C5C = {
						CreatedOnToolsVersion = 16.1;
					};
					F8F96C102CFB06C500172C5C = {
						CreatedOnToolsVersion = 16.1;
						TestTargetID = F8F96BFA2CFB06C400172C5C;
					};
				};
			};
			buildConfigurationList = F8F96BF62CFB06C400172C5C /* Build configuration list for PBXProject "harshal-wani-task" */;
			developmentRegion = en;
			hasScannedForEncodings = 0;
			knownRegions = (
				en,
				Base,
			);
			mainGroup = F8F96BF22CFB06C400172C5C;
			minimizedProjectReferenceProxies = 1;
			packageReferences = (
				F8A022B22CFC32340055C7D7 /* XCRemoteSwiftPackageReference "SnapKit" */,
				F8A023342CFE0E570055C7D7 /* XCRemoteSwiftPackageReference "TagListView" */,
				F8BA76002CFF2CDF002E8A90 /* XCRemoteSwiftPackageReference "Quick" */,
				F8BA76072CFF2D07002E8A90 /* XCRemoteSwiftPackageReference "Nimble" */,
			);
			preferredProjectObjectVersion = 77;
			productRefGroup = F8F96BFC2CFB06C400172C5C /* Products */;
			projectDirPath = "";
			projectRoot = "";
			targets = (
				F8F96BFA2CFB06C400172C5C /* harshal-wani-task */,
				F8F96C102CFB06C500172C5C /* harshal-wani-taskTests */,
			);
		};
/* End PBXProject section */

/* Begin PBXResourcesBuildPhase section */
		F8F96BF92CFB06C400172C5C /* Resources */ = {
			isa = PBXResourcesBuildPhase;
			buildActionMask = 2147483647;
			files = (
			);
			runOnlyForDeploymentPostprocessing = 0;
		};
		F8F96C0F2CFB06C500172C5C /* Resources */ = {
			isa = PBXResourcesBuildPhase;
			buildActionMask = 2147483647;
			files = (
			);
			runOnlyForDeploymentPostprocessing = 0;
		};
/* End PBXResourcesBuildPhase section */

/* Begin PBXSourcesBuildPhase section */
		F8F96BF72CFB06C400172C5C /* Sources */ = {
			isa = PBXSourcesBuildPhase;
			buildActionMask = 2147483647;
			files = (
			);
			runOnlyForDeploymentPostprocessing = 0;
		};
		F8F96C0D2CFB06C500172C5C /* Sources */ = {
			isa = PBXSourcesBuildPhase;
			buildActionMask = 2147483647;
			files = (
			);
			runOnlyForDeploymentPostprocessing = 0;
		};
/* End PBXSourcesBuildPhase section */

/* Begin PBXTargetDependency section */
		F8F96C132CFB06C500172C5C /* PBXTargetDependency */ = {
			isa = PBXTargetDependency;
			target = F8F96BFA2CFB06C400172C5C /* harshal-wani-task */;
			targetProxy = F8F96C122CFB06C500172C5C /* PBXContainerItemProxy */;
		};
/* End PBXTargetDependency section */

/* Begin XCBuildConfiguration section */
		F8F96C252CFB06C500172C5C /* Debug */ = {
			isa = XCBuildConfiguration;
			buildSettings = {
				ASSETCATALOG_COMPILER_APPICON_NAME = AppIcon;
				ASSETCATALOG_COMPILER_GLOBAL_ACCENT_COLOR_NAME = AccentColor;
				CODE_SIGN_STYLE = Automatic;
				CURRENT_PROJECT_VERSION = 1;
				GENERATE_INFOPLIST_FILE = YES;
				INFOPLIST_FILE = "harshal-wani-task/Main/Info.plist";
				INFOPLIST_KEY_UIApplicationSupportsIndirectInputEvents = YES;
				INFOPLIST_KEY_UILaunchStoryboardName = LaunchScreen;
				INFOPLIST_KEY_UISupportedInterfaceOrientations_iPad = "UIInterfaceOrientationPortrait UIInterfaceOrientationPortraitUpsideDown UIInterfaceOrientationLandscapeLeft UIInterfaceOrientationLandscapeRight";
				INFOPLIST_KEY_UISupportedInterfaceOrientations_iPhone = "UIInterfaceOrientationPortrait UIInterfaceOrientationLandscapeLeft UIInterfaceOrientationLandscapeRight";
				LD_RUNPATH_SEARCH_PATHS = (
					"$(inherited)",
					"@executable_path/Frameworks",
				);
				MARKETING_VERSION = 1.0;
				PRODUCT_BUNDLE_IDENTIFIER = com.harshal.CryptoCoins;
				PRODUCT_NAME = "$(TARGET_NAME)";
				SWIFT_EMIT_LOC_STRINGS = YES;
				SWIFT_VERSION = 5.0;
				TARGETED_DEVICE_FAMILY = "1,2";
			};
			name = Debug;
		};
		F8F96C262CFB06C500172C5C /* Release */ = {
			isa = XCBuildConfiguration;
			buildSettings = {
				ASSETCATALOG_COMPILER_APPICON_NAME = AppIcon;
				ASSETCATALOG_COMPILER_GLOBAL_ACCENT_COLOR_NAME = AccentColor;
				CODE_SIGN_STYLE = Automatic;
				CURRENT_PROJECT_VERSION = 1;
				GENERATE_INFOPLIST_FILE = YES;
				INFOPLIST_FILE = "harshal-wani-task/Main/Info.plist";
				INFOPLIST_KEY_UIApplicationSupportsIndirectInputEvents = YES;
				INFOPLIST_KEY_UILaunchStoryboardName = LaunchScreen;
				INFOPLIST_KEY_UISupportedInterfaceOrientations_iPad = "UIInterfaceOrientationPortrait UIInterfaceOrientationPortraitUpsideDown UIInterfaceOrientationLandscapeLeft UIInterfaceOrientationLandscapeRight";
				INFOPLIST_KEY_UISupportedInterfaceOrientations_iPhone = "UIInterfaceOrientationPortrait UIInterfaceOrientationLandscapeLeft UIInterfaceOrientationLandscapeRight";
				LD_RUNPATH_SEARCH_PATHS = (
					"$(inherited)",
					"@executable_path/Frameworks",
				);
				MARKETING_VERSION = 1.0;
				PRODUCT_BUNDLE_IDENTIFIER = com.harshal.CryptoCoins;
				PRODUCT_NAME = "$(TARGET_NAME)";
				SWIFT_EMIT_LOC_STRINGS = YES;
				SWIFT_VERSION = 5.0;
				TARGETED_DEVICE_FAMILY = "1,2";
			};
			name = Release;
		};
		F8F96C272CFB06C500172C5C /* Debug */ = {
			isa = XCBuildConfiguration;
			buildSettings = {
				ALWAYS_SEARCH_USER_PATHS = NO;
				ASSETCATALOG_COMPILER_GENERATE_SWIFT_ASSET_SYMBOL_EXTENSIONS = YES;
				CLANG_ANALYZER_NONNULL = YES;
				CLANG_ANALYZER_NUMBER_OBJECT_CONVERSION = YES_AGGRESSIVE;
				CLANG_CXX_LANGUAGE_STANDARD = "gnu++20";
				CLANG_ENABLE_MODULES = YES;
				CLANG_ENABLE_OBJC_ARC = YES;
				CLANG_ENABLE_OBJC_WEAK = YES;
				CLANG_WARN_BLOCK_CAPTURE_AUTORELEASING = YES;
				CLANG_WARN_BOOL_CONVERSION = YES;
				CLANG_WARN_COMMA = YES;
				CLANG_WARN_CONSTANT_CONVERSION = YES;
				CLANG_WARN_DEPRECATED_OBJC_IMPLEMENTATIONS = YES;
				CLANG_WARN_DIRECT_OBJC_ISA_USAGE = YES_ERROR;
				CLANG_WARN_DOCUMENTATION_COMMENTS = YES;
				CLANG_WARN_EMPTY_BODY = YES;
				CLANG_WARN_ENUM_CONVERSION = YES;
				CLANG_WARN_INFINITE_RECURSION = YES;
				CLANG_WARN_INT_CONVERSION = YES;
				CLANG_WARN_NON_LITERAL_NULL_CONVERSION = YES;
				CLANG_WARN_OBJC_IMPLICIT_RETAIN_SELF = YES;
				CLANG_WARN_OBJC_LITERAL_CONVERSION = YES;
				CLANG_WARN_OBJC_ROOT_CLASS = YES_ERROR;
				CLANG_WARN_QUOTED_INCLUDE_IN_FRAMEWORK_HEADER = YES;
				CLANG_WARN_RANGE_LOOP_ANALYSIS = YES;
				CLANG_WARN_STRICT_PROTOTYPES = YES;
				CLANG_WARN_SUSPICIOUS_MOVE = YES;
				CLANG_WARN_UNGUARDED_AVAILABILITY = YES_AGGRESSIVE;
				CLANG_WARN_UNREACHABLE_CODE = YES;
				CLANG_WARN__DUPLICATE_METHOD_MATCH = YES;
				COPY_PHASE_STRIP = NO;
				DEBUG_INFORMATION_FORMAT = dwarf;
				ENABLE_STRICT_OBJC_MSGSEND = YES;
				ENABLE_TESTABILITY = YES;
				ENABLE_USER_SCRIPT_SANDBOXING = YES;
				GCC_C_LANGUAGE_STANDARD = gnu17;
				GCC_DYNAMIC_NO_PIC = NO;
				GCC_NO_COMMON_BLOCKS = YES;
				GCC_OPTIMIZATION_LEVEL = 0;
				GCC_PREPROCESSOR_DEFINITIONS = (
					"DEBUG=1",
					"$(inherited)",
				);
				GCC_WARN_64_TO_32_BIT_CONVERSION = YES;
				GCC_WARN_ABOUT_RETURN_TYPE = YES_ERROR;
				GCC_WARN_UNDECLARED_SELECTOR = YES;
				GCC_WARN_UNINITIALIZED_AUTOS = YES_AGGRESSIVE;
				GCC_WARN_UNUSED_FUNCTION = YES;
				GCC_WARN_UNUSED_VARIABLE = YES;
				IPHONEOS_DEPLOYMENT_TARGET = 18.1;
				LOCALIZATION_PREFERS_STRING_CATALOGS = YES;
				MTL_ENABLE_DEBUG_INFO = INCLUDE_SOURCE;
				MTL_FAST_MATH = YES;
				ONLY_ACTIVE_ARCH = YES;
				SDKROOT = iphoneos;
				SWIFT_ACTIVE_COMPILATION_CONDITIONS = "DEBUG $(inherited)";
				SWIFT_OPTIMIZATION_LEVEL = "-Onone";
			};
			name = Debug;
		};
		F8F96C282CFB06C500172C5C /* Release */ = {
			isa = XCBuildConfiguration;
			buildSettings = {
				ALWAYS_SEARCH_USER_PATHS = NO;
				ASSETCATALOG_COMPILER_GENERATE_SWIFT_ASSET_SYMBOL_EXTENSIONS = YES;
				CLANG_ANALYZER_NONNULL = YES;
				CLANG_ANALYZER_NUMBER_OBJECT_CONVERSION = YES_AGGRESSIVE;
				CLANG_CXX_LANGUAGE_STANDARD = "gnu++20";
				CLANG_ENABLE_MODULES = YES;
				CLANG_ENABLE_OBJC_ARC = YES;
				CLANG_ENABLE_OBJC_WEAK = YES;
				CLANG_WARN_BLOCK_CAPTURE_AUTORELEASING = YES;
				CLANG_WARN_BOOL_CONVERSION = YES;
				CLANG_WARN_COMMA = YES;
				CLANG_WARN_CONSTANT_CONVERSION = YES;
				CLANG_WARN_DEPRECATED_OBJC_IMPLEMENTATIONS = YES;
				CLANG_WARN_DIRECT_OBJC_ISA_USAGE = YES_ERROR;
				CLANG_WARN_DOCUMENTATION_COMMENTS = YES;
				CLANG_WARN_EMPTY_BODY = YES;
				CLANG_WARN_ENUM_CONVERSION = YES;
				CLANG_WARN_INFINITE_RECURSION = YES;
				CLANG_WARN_INT_CONVERSION = YES;
				CLANG_WARN_NON_LITERAL_NULL_CONVERSION = YES;
				CLANG_WARN_OBJC_IMPLICIT_RETAIN_SELF = YES;
				CLANG_WARN_OBJC_LITERAL_CONVERSION = YES;
				CLANG_WARN_OBJC_ROOT_CLASS = YES_ERROR;
				CLANG_WARN_QUOTED_INCLUDE_IN_FRAMEWORK_HEADER = YES;
				CLANG_WARN_RANGE_LOOP_ANALYSIS = YES;
				CLANG_WARN_STRICT_PROTOTYPES = YES;
				CLANG_WARN_SUSPICIOUS_MOVE = YES;
				CLANG_WARN_UNGUARDED_AVAILABILITY = YES_AGGRESSIVE;
				CLANG_WARN_UNREACHABLE_CODE = YES;
				CLANG_WARN__DUPLICATE_METHOD_MATCH = YES;
				COPY_PHASE_STRIP = NO;
				DEBUG_INFORMATION_FORMAT = "dwarf-with-dsym";
				ENABLE_NS_ASSERTIONS = NO;
				ENABLE_STRICT_OBJC_MSGSEND = YES;
				ENABLE_USER_SCRIPT_SANDBOXING = YES;
				GCC_C_LANGUAGE_STANDARD = gnu17;
				GCC_NO_COMMON_BLOCKS = YES;
				GCC_WARN_64_TO_32_BIT_CONVERSION = YES;
				GCC_WARN_ABOUT_RETURN_TYPE = YES_ERROR;
				GCC_WARN_UNDECLARED_SELECTOR = YES;
				GCC_WARN_UNINITIALIZED_AUTOS = YES_AGGRESSIVE;
				GCC_WARN_UNUSED_FUNCTION = YES;
				GCC_WARN_UNUSED_VARIABLE = YES;
				IPHONEOS_DEPLOYMENT_TARGET = 18.1;
				LOCALIZATION_PREFERS_STRING_CATALOGS = YES;
				MTL_ENABLE_DEBUG_INFO = NO;
				MTL_FAST_MATH = YES;
				SDKROOT = iphoneos;
				SWIFT_COMPILATION_MODE = wholemodule;
				VALIDATE_PRODUCT = YES;
			};
			name = Release;
		};
		F8F96C2A2CFB06C500172C5C /* Debug */ = {
			isa = XCBuildConfiguration;
			buildSettings = {
				BUNDLE_LOADER = "$(TEST_HOST)";
				CODE_SIGN_STYLE = Automatic;
				CURRENT_PROJECT_VERSION = 1;
				GENERATE_INFOPLIST_FILE = YES;
				IPHONEOS_DEPLOYMENT_TARGET = 18.1;
				MARKETING_VERSION = 1.0;
				PRODUCT_BUNDLE_IDENTIFIER = com.harshal.CryptoCoinsTests;
				PRODUCT_NAME = "$(TARGET_NAME)";
				SWIFT_EMIT_LOC_STRINGS = NO;
				SWIFT_VERSION = 5.0;
				TARGETED_DEVICE_FAMILY = "1,2";
				TEST_HOST = "$(BUILT_PRODUCTS_DIR)/harshal-wani-task.app/$(BUNDLE_EXECUTABLE_FOLDER_PATH)/harshal-wani-task";
			};
			name = Debug;
		};
		F8F96C2B2CFB06C500172C5C /* Release */ = {
			isa = XCBuildConfiguration;
			buildSettings = {
				BUNDLE_LOADER = "$(TEST_HOST)";
				CODE_SIGN_STYLE = Automatic;
				CURRENT_PROJECT_VERSION = 1;
				GENERATE_INFOPLIST_FILE = YES;
				IPHONEOS_DEPLOYMENT_TARGET = 18.1;
				MARKETING_VERSION = 1.0;
				PRODUCT_BUNDLE_IDENTIFIER = com.harshal.CryptoCoinsTests;
				PRODUCT_NAME = "$(TARGET_NAME)";
				SWIFT_EMIT_LOC_STRINGS = NO;
				SWIFT_VERSION = 5.0;
				TARGETED_DEVICE_FAMILY = "1,2";
				TEST_HOST = "$(BUILT_PRODUCTS_DIR)/harshal-wani-task.app/$(BUNDLE_EXECUTABLE_FOLDER_PATH)/harshal-wani-task";
			};
			name = Release;
		};
/* End XCBuildConfiguration section */

/* Begin XCConfigurationList section */
		F8F96BF62CFB06C400172C5C /* Build configuration list for PBXProject "harshal-wani-task" */ = {
			isa = XCConfigurationList;
			buildConfigurations = (
				F8F96C272CFB06C500172C5C /* Debug */,
				F8F96C282CFB06C500172C5C /* Release */,
			);
			defaultConfigurationIsVisible = 0;
			defaultConfigurationName = Release;
		};
		F8F96C242CFB06C500172C5C /* Build configuration list for PBXNativeTarget "harshal-wani-task" */ = {
			isa = XCConfigurationList;
			buildConfigurations = (
				F8F96C252CFB06C500172C5C /* Debug */,
				F8F96C262CFB06C500172C5C /* Release */,
			);
			defaultConfigurationIsVisible = 0;
			defaultConfigurationName = Release;
		};
		F8F96C292CFB06C500172C5C /* Build configuration list for PBXNativeTarget "harshal-wani-taskTests" */ = {
			isa = XCConfigurationList;
			buildConfigurations = (
				F8F96C2A2CFB06C500172C5C /* Debug */,
				F8F96C2B2CFB06C500172C5C /* Release */,
			);
			defaultConfigurationIsVisible = 0;
			defaultConfigurationName = Release;
		};
/* End XCConfigurationList section */

/* Begin XCRemoteSwiftPackageReference section */
		F8A022B22CFC32340055C7D7 /* XCRemoteSwiftPackageReference "SnapKit" */ = {
			isa = XCRemoteSwiftPackageReference;
			repositoryURL = "https://github.com/SnapKit/SnapKit.git";
			requirement = {
				kind = upToNextMajorVersion;
				minimumVersion = 5.7.1;
			};
		};
		F8A023342CFE0E570055C7D7 /* XCRemoteSwiftPackageReference "TagListView" */ = {
			isa = XCRemoteSwiftPackageReference;
			repositoryURL = "https://github.com/ElaWorkshop/TagListView";
			requirement = {
				kind = upToNextMajorVersion;
				minimumVersion = 1.4.1;
			};
		};
		F8BA76002CFF2CDF002E8A90 /* XCRemoteSwiftPackageReference "Quick" */ = {
			isa = XCRemoteSwiftPackageReference;
			repositoryURL = "https://github.com/Quick/Quick";
			requirement = {
				kind = upToNextMajorVersion;
				minimumVersion = 7.6.0;
			};
		};
		F8BA76072CFF2D07002E8A90 /* XCRemoteSwiftPackageReference "Nimble" */ = {
			isa = XCRemoteSwiftPackageReference;
			repositoryURL = "https://github.com/Quick/Nimble";
			requirement = {
				kind = upToNextMajorVersion;
				minimumVersion = 13.3.0;
			};
		};
/* End XCRemoteSwiftPackageReference section */

/* Begin XCSwiftPackageProductDependency section */
		F8A022B32CFC483C0055C7D7 /* SnapKit */ = {
			isa = XCSwiftPackageProductDependency;
			package = F8A022B22CFC32340055C7D7 /* XCRemoteSwiftPackageReference "SnapKit" */;
			productName = SnapKit;
		};
		F8A023352CFE0E570055C7D7 /* TagListView */ = {
			isa = XCSwiftPackageProductDependency;
			package = F8A023342CFE0E570055C7D7 /* XCRemoteSwiftPackageReference "TagListView" */;
			productName = TagListView;
		};
		F8BA76012CFF2CDF002E8A90 /* Quick */ = {
			isa = XCSwiftPackageProductDependency;
			package = F8BA76002CFF2CDF002E8A90 /* XCRemoteSwiftPackageReference "Quick" */;
			productName = Quick;
		};
		F8BA76032CFF2CDF002E8A90 /* QuickLint */ = {
			isa = XCSwiftPackageProductDependency;
			package = F8BA76002CFF2CDF002E8A90 /* XCRemoteSwiftPackageReference "Quick" */;
			productName = QuickLint;
		};
		F8BA76082CFF2D07002E8A90 /* Nimble */ = {
			isa = XCSwiftPackageProductDependency;
			package = F8BA76072CFF2D07002E8A90 /* XCRemoteSwiftPackageReference "Nimble" */;
			productName = Nimble;
		};
/* End XCSwiftPackageProductDependency section */
	};
	rootObject = F8F96BF32CFB06C400172C5C /* Project object */;
}
